
Microsoft Visual Studio Solution File, Format Version 12.00
# Visual Studio Version 16
VisualStudioVersion = 16.0.30204.135
MinimumVisualStudioVersion = 10.0.40219.1
Project("{9A19103F-16F7-4668-BE54-9A1E7A4F7556}") = "ContainerScanning.HelloWorld", "ContainerScanning.HelloWorld\ContainerScanning.HelloWorld.csproj", "{CEF3A01B-2F12-47C4-9F6C-B1D86322CC0D}"
EndProject
Global
	GlobalSection(SolutionConfigurationPlatforms) = preSolution
		Debug|Any CPU = Debug|Any CPU
		Release|Any CPU = Release|Any CPU
	EndGlobalSection
	GlobalSection(ProjectConfigurationPlatforms) = postSolution
		{CEF3A01B-2F12-47C4-9F6C-B1D86322CC0D}.Debug|Any CPU.ActiveCfg = Debug|Any CPU
		{CEF3A01B-2F12-47C4-9F6C-B1D86322CC0D}.Debug|Any CPU.Build.0 = Debug|Any CPU
		{CEF3A01B-2F12-47C4-9F6C-B1D86322CC0D}.Release|Any CPU.ActiveCfg = Release|Any CPU
		{CEF3A01B-2F12-47C4-9F6C-B1D86322CC0D}.Release|Any CPU.Build.0 = Release|Any CPU
	EndGlobalSection
	GlobalSection(SolutionProperties) = preSolution
		HideSolutionNode = FALSE
	EndGlobalSection
	GlobalSection(ExtensibilityGlobals) = postSolution
		SolutionGuid = {CAE54788-75C0-4C9E-9EDA-23001C6CDD1A}
	EndGlobalSection
EndGlobal
